
Microsoft Visual Studio Solution File, Format Version 12.00
# Visual Studio Version 17
VisualStudioVersion = 17.6.33815.320
MinimumVisualStudioVersion = 10.0.40219.1
Project("{FAE04EC0-301F-11D3-BF4B-00C04F79EFBC}") = "ClassPotok", "ClassPotok\ClassPotok.csproj", "{2860F2AC-6534-4702-BA2C-5B8C038F85D1}"
EndProject
Project("{FAE04EC0-301F-11D3-BF4B-00C04F79EFBC}") = "PotokConsole", "PotokConsole\PotokConsole.csproj", "{DA691F57-29C0-40C7-A50D-0848372D9397}"
EndProject
Global
	GlobalSection(SolutionConfigurationPlatforms) = preSolution
		Debug|Any CPU = Debug|Any CPU
		Release|Any CPU = Release|Any CPU
	EndGlobalSection
	GlobalSection(ProjectConfigurationPlatforms) = postSolution
		{2860F2AC-6534-4702-BA2C-5B8C038F85D1}.Debug|Any CPU.ActiveCfg = Debug|Any CPU
		{2860F2AC-6534-4702-BA2C-5B8C038F85D1}.Debug|Any CPU.Build.0 = Debug|Any CPU
		{2860F2AC-6534-4702-BA2C-5B8C038F85D1}.Release|Any CPU.ActiveCfg = Release|Any CPU
		{2860F2AC-6534-4702-BA2C-5B8C038F85D1}.Release|Any CPU.Build.0 = Release|Any CPU
		{DA691F57-29C0-40C7-A50D-0848372D9397}.Debug|Any CPU.ActiveCfg = Debug|Any CPU
		{DA691F57-29C0-40C7-A50D-0848372D9397}.Debug|Any CPU.Build.0 = Debug|Any CPU
		{DA691F57-29C0-40C7-A50D-0848372D9397}.Release|Any CPU.ActiveCfg = Release|Any CPU
		{DA691F57-29C0-40C7-A50D-0848372D9397}.Release|Any CPU.Build.0 = Release|Any CPU
	EndGlobalSection
	GlobalSection(SolutionProperties) = preSolution
		HideSolutionNode = FALSE
	EndGlobalSection
	GlobalSection(ExtensibilityGlobals) = postSolution
		SolutionGuid = {4B198CE2-ADB5-4147-BCA3-06B8734A8358}
	EndGlobalSection
EndGlobal
