
Microsoft Visual Studio Solution File, Format Version 12.00
# Visual Studio Version 17
VisualStudioVersion = 17.6.33815.320
MinimumVisualStudioVersion = 10.0.40219.1
Project("{FAE04EC0-301F-11D3-BF4B-00C04F79EFBC}") = "IsklLib", "IsklLib\IsklLib.csproj", "{A2EEF76E-9D8D-4108-AAF4-C8C5FCCF4EB3}"
EndProject
Global
	GlobalSection(SolutionConfigurationPlatforms) = preSolution
		Debug|Any CPU = Debug|Any CPU
		Release|Any CPU = Release|Any CPU
	EndGlobalSection
	GlobalSection(ProjectConfigurationPlatforms) = postSolution
		{A2EEF76E-9D8D-4108-AAF4-C8C5FCCF4EB3}.Debug|Any CPU.ActiveCfg = Debug|Any CPU
		{A2EEF76E-9D8D-4108-AAF4-C8C5FCCF4EB3}.Debug|Any CPU.Build.0 = Debug|Any CPU
		{A2EEF76E-9D8D-4108-AAF4-C8C5FCCF4EB3}.Release|Any CPU.ActiveCfg = Release|Any CPU
		{A2EEF76E-9D8D-4108-AAF4-C8C5FCCF4EB3}.Release|Any CPU.Build.0 = Release|Any CPU
	EndGlobalSection
	GlobalSection(SolutionProperties) = preSolution
		HideSolutionNode = FALSE
	EndGlobalSection
	GlobalSection(ExtensibilityGlobals) = postSolution
		SolutionGuid = {28489E00-91B0-4E2B-9E40-FC6B49B5D985}
	EndGlobalSection
EndGlobal
