
Microsoft Visual Studio Solution File, Format Version 12.00
# Visual Studio Version 17
VisualStudioVersion = 17.6.33815.320
MinimumVisualStudioVersion = 10.0.40219.1
Project("{FAE04EC0-301F-11D3-BF4B-00C04F79EFBC}") = "IskluchenieProgramm", "IskluchenieProgramm\IskluchenieProgramm.csproj", "{67ED34DE-DD50-4703-B61C-EDBC4EA153CB}"
EndProject
Global
	GlobalSection(SolutionConfigurationPlatforms) = preSolution
		Debug|Any CPU = Debug|Any CPU
		Release|Any CPU = Release|Any CPU
	EndGlobalSection
	GlobalSection(ProjectConfigurationPlatforms) = postSolution
		{67ED34DE-DD50-4703-B61C-EDBC4EA153CB}.Debug|Any CPU.ActiveCfg = Debug|Any CPU
		{67ED34DE-DD50-4703-B61C-EDBC4EA153CB}.Debug|Any CPU.Build.0 = Debug|Any CPU
		{67ED34DE-DD50-4703-B61C-EDBC4EA153CB}.Release|Any CPU.ActiveCfg = Release|Any CPU
		{67ED34DE-DD50-4703-B61C-EDBC4EA153CB}.Release|Any CPU.Build.0 = Release|Any CPU
	EndGlobalSection
	GlobalSection(SolutionProperties) = preSolution
		HideSolutionNode = FALSE
	EndGlobalSection
	GlobalSection(ExtensibilityGlobals) = postSolution
		SolutionGuid = {2AA4E141-3A38-48B8-9714-4ADCE60FA237}
	EndGlobalSection
EndGlobal
